
Microsoft Visual Studio Solution File, Format Version 12.00
# Visual Studio Version 17
VisualStudioVersion = 17.9.34622.214
MinimumVisualStudioVersion = 10.0.40219.1
Project("{8BC9CEB8-8B4A-11D0-8D11-00A0C91BC942}") = "AssaultCubeInternal", "AssaultCubeInternal\AssaultCubeInternal.vcxproj", "{E8358427-4441-47C6-A2AE-7C3714024DFD}"
EndProject
Global
	GlobalSection(SolutionConfigurationPlatforms) = preSolution
		Debug|x64 = Debug|x64
		Debug|x86 = Debug|x86
		Release|x64 = Release|x64
		Release|x86 = Release|x86
	EndGlobalSection
	GlobalSection(ProjectConfigurationPlatforms) = postSolution
		{E8358427-4441-47C6-A2AE-7C3714024DFD}.Debug|x64.ActiveCfg = Debug|x64
		{E8358427-4441-47C6-A2AE-7C3714024DFD}.Debug|x64.Build.0 = Debug|x64
		{E8358427-4441-47C6-A2AE-7C3714024DFD}.Debug|x86.ActiveCfg = Debug|Win32
		{E8358427-4441-47C6-A2AE-7C3714024DFD}.Debug|x86.Build.0 = Debug|Win32
		{E8358427-4441-47C6-A2AE-7C3714024DFD}.Release|x64.ActiveCfg = Release|x64
		{E8358427-4441-47C6-A2AE-7C3714024DFD}.Release|x64.Build.0 = Release|x64
		{E8358427-4441-47C6-A2AE-7C3714024DFD}.Release|x86.ActiveCfg = Release|Win32
		{E8358427-4441-47C6-A2AE-7C3714024DFD}.Release|x86.Build.0 = Release|Win32
	EndGlobalSection
	GlobalSection(SolutionProperties) = preSolution
		HideSolutionNode = FALSE
	EndGlobalSection
	GlobalSection(ExtensibilityGlobals) = postSolution
		SolutionGuid = {48A19DBA-630A-4E8A-BA37-54FFB7A9F416}
	EndGlobalSection
EndGlobal
